
Microsoft Visual Studio Solution File, Format Version 12.00
# Visual Studio Version 16
VisualStudioVersion = 16.0.30011.22
MinimumVisualStudioVersion = 10.0.40219.1
Project("{9A19103F-16F7-4668-BE54-9A1E7A4F7556}") = "WebLab04", "WebLab04\WebLab04.csproj", "{5E9CB89D-6CBC-4848-919D-0D97F02B3EDC}"
EndProject
Project("{FAE04EC0-301F-11D3-BF4B-00C04F79EFBC}") = "WebLab04.DAL", "WebLab04.DAL\WebLab04.DAL.csproj", "{C91B51E2-3DA0-4327-B9D3-729C4A697586}"
EndProject
Global
	GlobalSection(SolutionConfigurationPlatforms) = preSolution
		Debug|Any CPU = Debug|Any CPU
		Release|Any CPU = Release|Any CPU
	EndGlobalSection
	GlobalSection(ProjectConfigurationPlatforms) = postSolution
		{5E9CB89D-6CBC-4848-919D-0D97F02B3EDC}.Debug|Any CPU.ActiveCfg = Debug|Any CPU
		{5E9CB89D-6CBC-4848-919D-0D97F02B3EDC}.Debug|Any CPU.Build.0 = Debug|Any CPU
		{5E9CB89D-6CBC-4848-919D-0D97F02B3EDC}.Release|Any CPU.ActiveCfg = Release|Any CPU
		{5E9CB89D-6CBC-4848-919D-0D97F02B3EDC}.Release|Any CPU.Build.0 = Release|Any CPU
		{C91B51E2-3DA0-4327-B9D3-729C4A697586}.Debug|Any CPU.ActiveCfg = Debug|Any CPU
		{C91B51E2-3DA0-4327-B9D3-729C4A697586}.Debug|Any CPU.Build.0 = Debug|Any CPU
		{C91B51E2-3DA0-4327-B9D3-729C4A697586}.Release|Any CPU.ActiveCfg = Release|Any CPU
		{C91B51E2-3DA0-4327-B9D3-729C4A697586}.Release|Any CPU.Build.0 = Release|Any CPU
	EndGlobalSection
	GlobalSection(SolutionProperties) = preSolution
		HideSolutionNode = FALSE
	EndGlobalSection
	GlobalSection(ExtensibilityGlobals) = postSolution
		SolutionGuid = {951D2639-0B8F-4E15-9465-E8570BA23AE3}
	EndGlobalSection
EndGlobal
